// !$*UTF8*$!
{
	archiveVersion = 1;
	classes = {
	};
	objectVersion = 50;
	objects = {

/* Begin PBXBuildFile section */
		C30ED16326A4771000CE5AB5 /* AppDelegate.swift in Sources */ = {isa = PBXBuildFile; fileRef = C30ED16226A4771000CE5AB5 /* AppDelegate.swift */; };
		C30ED16526A4771000CE5AB5 /* SceneDelegate.swift in Sources */ = {isa = PBXBuildFile; fileRef = C30ED16426A4771000CE5AB5 /* SceneDelegate.swift */; };
		C30ED16726A4771000CE5AB5 /* HomeViewController.swift in Sources */ = {isa = PBXBuildFile; fileRef = C30ED16626A4771000CE5AB5 /* HomeViewController.swift */; };
		C30ED16A26A4771000CE5AB5 /* Main.storyboard in Resources */ = {isa = PBXBuildFile; fileRef = C30ED16826A4771000CE5AB5 /* Main.storyboard */; };
		C30ED16C26A4771200CE5AB5 /* Assets.xcassets in Resources */ = {isa = PBXBuildFile; fileRef = C30ED16B26A4771200CE5AB5 /* Assets.xcassets */; };
		C30ED16F26A4771200CE5AB5 /* LaunchScreen.storyboard in Resources */ = {isa = PBXBuildFile; fileRef = C30ED16D26A4771200CE5AB5 /* LaunchScreen.storyboard */; };
		C30ED18226A47A6000CE5AB5 /* ProfileViewController.swift in Sources */ = {isa = PBXBuildFile; fileRef = C30ED18126A47A6000CE5AB5 /* ProfileViewController.swift */; };
		C30ED18A26A47B5000CE5AB5 /* LoginViewController.swift in Sources */ = {isa = PBXBuildFile; fileRef = C30ED18926A47B5000CE5AB5 /* LoginViewController.swift */; };
		C30ED18C26A47B7000CE5AB5 /* RegisterViewController.swift in Sources */ = {isa = PBXBuildFile; fileRef = C30ED18B26A47B7000CE5AB5 /* RegisterViewController.swift */; };
		C30ED18E26A47BB600CE5AB5 /* PostViewController.swift in Sources */ = {isa = PBXBuildFile; fileRef = C30ED18D26A47BB600CE5AB5 /* PostViewController.swift */; };
		C30ED19026A47BE100CE5AB5 /* EditProfileViewController.swift in Sources */ = {isa = PBXBuildFile; fileRef = C30ED18F26A47BE100CE5AB5 /* EditProfileViewController.swift */; };
		C30ED19226A47BFF00CE5AB5 /* SettingsViewController.swift in Sources */ = {isa = PBXBuildFile; fileRef = C30ED19126A47BFF00CE5AB5 /* SettingsViewController.swift */; };
		C30ED19426A47C2700CE5AB5 /* ListViewController.swift in Sources */ = {isa = PBXBuildFile; fileRef = C30ED19326A47C2700CE5AB5 /* ListViewController.swift */; };
		C30ED19626A47C4A00CE5AB5 /* SearchViewController.swift in Sources */ = {isa = PBXBuildFile; fileRef = C30ED19526A47C4A00CE5AB5 /* SearchViewController.swift */; };
		C30ED19826A47C8900CE5AB5 /* SearchResultsViewController.swift in Sources */ = {isa = PBXBuildFile; fileRef = C30ED19726A47C8900CE5AB5 /* SearchResultsViewController.swift */; };
		C30ED19A26A47CDB00CE5AB5 /* PostEditorViewController.swift in Sources */ = {isa = PBXBuildFile; fileRef = C30ED19926A47CDB00CE5AB5 /* PostEditorViewController.swift */; };
		C30ED19C26A47D0200CE5AB5 /* PublishPostViewController.swift in Sources */ = {isa = PBXBuildFile; fileRef = C30ED19B26A47D0200CE5AB5 /* PublishPostViewController.swift */; };
/* End PBXBuildFile section */

/* Begin PBXFileReference section */
		C30ED15F26A4771000CE5AB5 /* CoffeeMug.app */ = {isa = PBXFileReference; explicitFileType = wrapper.application; includeInIndex = 0; path = CoffeeMug.app; sourceTree = BUILT_PRODUCTS_DIR; };
		C30ED16226A4771000CE5AB5 /* AppDelegate.swift */ = {isa = PBXFileReference; lastKnownFileType = sourcecode.swift; path = AppDelegate.swift; sourceTree = "<group>"; };
		C30ED16426A4771000CE5AB5 /* SceneDelegate.swift */ = {isa = PBXFileReference; lastKnownFileType = sourcecode.swift; path = SceneDelegate.swift; sourceTree = "<group>"; };
		C30ED16626A4771000CE5AB5 /* HomeViewController.swift */ = {isa = PBXFileReference; lastKnownFileType = sourcecode.swift; path = HomeViewController.swift; sourceTree = "<group>"; };
		C30ED16926A4771000CE5AB5 /* Base */ = {isa = PBXFileReference; lastKnownFileType = file.storyboard; name = Base; path = Base.lproj/Main.storyboard; sourceTree = "<group>"; };
		C30ED16B26A4771200CE5AB5 /* Assets.xcassets */ = {isa = PBXFileReference; lastKnownFileType = folder.assetcatalog; path = Assets.xcassets; sourceTree = "<group>"; };
		C30ED16E26A4771200CE5AB5 /* Base */ = {isa = PBXFileReference; lastKnownFileType = file.storyboard; name = Base; path = Base.lproj/LaunchScreen.storyboard; sourceTree = "<group>"; };
		C30ED17026A4771200CE5AB5 /* Info.plist */ = {isa = PBXFileReference; lastKnownFileType = text.plist.xml; path = Info.plist; sourceTree = "<group>"; };
		C30ED18126A47A6000CE5AB5 /* ProfileViewController.swift */ = {isa = PBXFileReference; lastKnownFileType = sourcecode.swift; path = ProfileViewController.swift; sourceTree = "<group>"; };
		C30ED18426A47A9100CE5AB5 /* CameraViewController.swift */ = {isa = PBXFileReference; lastKnownFileType = sourcecode.swift; path = CameraViewController.swift; sourceTree = "<group>"; };
		C30ED18526A47A9100CE5AB5 /* ExploreViewController.swift */ = {isa = PBXFileReference; lastKnownFileType = sourcecode.swift; path = ExploreViewController.swift; sourceTree = "<group>"; };
		C30ED18626A47A9100CE5AB5 /* NotificationsViewController.swift */ = {isa = PBXFileReference; lastKnownFileType = sourcecode.swift; path = NotificationsViewController.swift; sourceTree = "<group>"; };
		C30ED18926A47B5000CE5AB5 /* LoginViewController.swift */ = {isa = PBXFileReference; lastKnownFileType = sourcecode.swift; path = LoginViewController.swift; sourceTree = "<group>"; };
		C30ED18B26A47B7000CE5AB5 /* RegisterViewController.swift */ = {isa = PBXFileReference; lastKnownFileType = sourcecode.swift; path = RegisterViewController.swift; sourceTree = "<group>"; };
		C30ED18D26A47BB600CE5AB5 /* PostViewController.swift */ = {isa = PBXFileReference; lastKnownFileType = sourcecode.swift; path = PostViewController.swift; sourceTree = "<group>"; };
		C30ED18F26A47BE100CE5AB5 /* EditProfileViewController.swift */ = {isa = PBXFileReference; lastKnownFileType = sourcecode.swift; path = EditProfileViewController.swift; sourceTree = "<group>"; };
		C30ED19126A47BFF00CE5AB5 /* SettingsViewController.swift */ = {isa = PBXFileReference; lastKnownFileType = sourcecode.swift; path = SettingsViewController.swift; sourceTree = "<group>"; };
		C30ED19326A47C2700CE5AB5 /* ListViewController.swift */ = {isa = PBXFileReference; lastKnownFileType = sourcecode.swift; path = ListViewController.swift; sourceTree = "<group>"; };
		C30ED19526A47C4A00CE5AB5 /* SearchViewController.swift */ = {isa = PBXFileReference; lastKnownFileType = sourcecode.swift; path = SearchViewController.swift; sourceTree = "<group>"; };
		C30ED19726A47C8900CE5AB5 /* SearchResultsViewController.swift */ = {isa = PBXFileReference; lastKnownFileType = sourcecode.swift; path = SearchResultsViewController.swift; sourceTree = "<group>"; };
		C30ED19926A47CDB00CE5AB5 /* PostEditorViewController.swift */ = {isa = PBXFileReference; lastKnownFileType = sourcecode.swift; path = PostEditorViewController.swift; sourceTree = "<group>"; };
		C30ED19B26A47D0200CE5AB5 /* PublishPostViewController.swift */ = {isa = PBXFileReference; lastKnownFileType = sourcecode.swift; path = PublishPostViewController.swift; sourceTree = "<group>"; };
/* End PBXFileReference section */

/* Begin PBXFrameworksBuildPhase section */
		C30ED15C26A4771000CE5AB5 /* Frameworks */ = {
			isa = PBXFrameworksBuildPhase;
			buildActionMask = 2147483647;
			files = (
			);
			runOnlyForDeploymentPostprocessing = 0;
		};
/* End PBXFrameworksBuildPhase section */

/* Begin PBXGroup section */
		C30ED15626A4771000CE5AB5 = {
			isa = PBXGroup;
			children = (
				C30ED16126A4771000CE5AB5 /* CoffeeMug */,
				C30ED16026A4771000CE5AB5 /* Products */,
			);
			sourceTree = "<group>";
		};
		C30ED16026A4771000CE5AB5 /* Products */ = {
			isa = PBXGroup;
			children = (
				C30ED15F26A4771000CE5AB5 /* CoffeeMug.app */,
			);
			name = Products;
			sourceTree = "<group>";
		};
		C30ED16126A4771000CE5AB5 /* CoffeeMug */ = {
			isa = PBXGroup;
			children = (
				C30ED17926A4789400CE5AB5 /* Ressources */,
				C30ED17826A4786400CE5AB5 /* Models */,
				C30ED17726A4784600CE5AB5 /* Views */,
				C30ED17626A4783400CE5AB5 /* Controllers */,
				C30ED17026A4771200CE5AB5 /* Info.plist */,
			);
			path = CoffeeMug;
			sourceTree = "<group>";
		};
		C30ED17626A4783400CE5AB5 /* Controllers */ = {
			isa = PBXGroup;
			children = (
				C30ED18726A47B2400CE5AB5 /* Others */,
				C30ED18326A47A9100CE5AB5 /* Core Tabs */,
			);
			path = Controllers;
			sourceTree = "<group>";
		};
		C30ED17726A4784600CE5AB5 /* Views */ = {
			isa = PBXGroup;
			children = (
				C30ED16B26A4771200CE5AB5 /* Assets.xcassets */,
				C30ED17A26A4790700CE5AB5 /* Storyboards */,
			);
			path = Views;
			sourceTree = "<group>";
		};
		C30ED17826A4786400CE5AB5 /* Models */ = {
			isa = PBXGroup;
			children = (
			);
			path = Models;
			sourceTree = "<group>";
		};
		C30ED17926A4789400CE5AB5 /* Ressources */ = {
			isa = PBXGroup;
			children = (
				C30ED16226A4771000CE5AB5 /* AppDelegate.swift */,
				C30ED16426A4771000CE5AB5 /* SceneDelegate.swift */,
			);
			path = Ressources;
			sourceTree = "<group>";
		};
		C30ED17A26A4790700CE5AB5 /* Storyboards */ = {
			isa = PBXGroup;
			children = (
				C30ED16826A4771000CE5AB5 /* Main.storyboard */,
				C30ED16D26A4771200CE5AB5 /* LaunchScreen.storyboard */,
			);
			path = Storyboards;
			sourceTree = "<group>";
		};
		C30ED18326A47A9100CE5AB5 /* Core Tabs */ = {
			isa = PBXGroup;
			children = (
				C30ED16626A4771000CE5AB5 /* HomeViewController.swift */,
				C30ED18526A47A9100CE5AB5 /* ExploreViewController.swift */,
				C30ED18426A47A9100CE5AB5 /* CameraViewController.swift */,
				C30ED18626A47A9100CE5AB5 /* NotificationsViewController.swift */,
				C30ED18126A47A6000CE5AB5 /* ProfileViewController.swift */,
			);
			path = "Core Tabs";
			sourceTree = "<group>";
		};
		C30ED18726A47B2400CE5AB5 /* Others */ = {
			isa = PBXGroup;
			children = (
				C30ED18826A47B3300CE5AB5 /* Onboarding */,
				C30ED19526A47C4A00CE5AB5 /* SearchViewController.swift */,
				C30ED18D26A47BB600CE5AB5 /* PostViewController.swift */,
				C30ED18F26A47BE100CE5AB5 /* EditProfileViewController.swift */,
				C30ED19126A47BFF00CE5AB5 /* SettingsViewController.swift */,
				C30ED19326A47C2700CE5AB5 /* ListViewController.swift */,
				C30ED19726A47C8900CE5AB5 /* SearchResultsViewController.swift */,
				C30ED19926A47CDB00CE5AB5 /* PostEditorViewController.swift */,
				C30ED19B26A47D0200CE5AB5 /* PublishPostViewController.swift */,
			);
			path = Others;
			sourceTree = "<group>";
		};
		C30ED18826A47B3300CE5AB5 /* Onboarding */ = {
			isa = PBXGroup;
			children = (
				C30ED18926A47B5000CE5AB5 /* LoginViewController.swift */,
				C30ED18B26A47B7000CE5AB5 /* RegisterViewController.swift */,
			);
			path = Onboarding;
			sourceTree = "<group>";
		};
/* End PBXGroup section */

/* Begin PBXNativeTarget section */
		C30ED15E26A4771000CE5AB5 /* CoffeeMug */ = {
			isa = PBXNativeTarget;
			buildConfigurationList = C30ED17326A4771200CE5AB5 /* Build configuration list for PBXNativeTarget "CoffeeMug" */;
			buildPhases = (
				C30ED15B26A4771000CE5AB5 /* Sources */,
				C30ED15C26A4771000CE5AB5 /* Frameworks */,
				C30ED15D26A4771000CE5AB5 /* Resources */,
			);
			buildRules = (
			);
			dependencies = (
			);
			name = CoffeeMug;
			productName = CoffeeMug;
			productReference = C30ED15F26A4771000CE5AB5 /* CoffeeMug.app */;
			productType = "com.apple.product-type.application";
		};
/* End PBXNativeTarget section */

/* Begin PBXProject section */
		C30ED15726A4771000CE5AB5 /* Project object */ = {
			isa = PBXProject;
			attributes = {
				LastSwiftUpdateCheck = 1250;
				LastUpgradeCheck = 1250;
				TargetAttributes = {
					C30ED15E26A4771000CE5AB5 = {
						CreatedOnToolsVersion = 12.5.1;
					};
				};
			};
			buildConfigurationList = C30ED15A26A4771000CE5AB5 /* Build configuration list for PBXProject "CoffeeMug" */;
			compatibilityVersion = "Xcode 9.3";
			developmentRegion = en;
			hasScannedForEncodings = 0;
			knownRegions = (
				en,
				Base,
			);
			mainGroup = C30ED15626A4771000CE5AB5;
			productRefGroup = C30ED16026A4771000CE5AB5 /* Products */;
			projectDirPath = "";
			projectRoot = "";
			targets = (
				C30ED15E26A4771000CE5AB5 /* CoffeeMug */,
			);
		};
/* End PBXProject section */

/* Begin PBXResourcesBuildPhase section */
		C30ED15D26A4771000CE5AB5 /* Resources */ = {
			isa = PBXResourcesBuildPhase;
			buildActionMask = 2147483647;
			files = (
				C30ED16F26A4771200CE5AB5 /* LaunchScreen.storyboard in Resources */,
				C30ED16C26A4771200CE5AB5 /* Assets.xcassets in Resources */,
				C30ED16A26A4771000CE5AB5 /* Main.storyboard in Resources */,
			);
			runOnlyForDeploymentPostprocessing = 0;
		};
/* End PBXResourcesBuildPhase section */

/* Begin PBXSourcesBuildPhase section */
		C30ED15B26A4771000CE5AB5 /* Sources */ = {
			isa = PBXSourcesBuildPhase;
			buildActionMask = 2147483647;
			files = (
				C30ED19026A47BE100CE5AB5 /* EditProfileViewController.swift in Sources */,
				C30ED19A26A47CDB00CE5AB5 /* PostEditorViewController.swift in Sources */,
				C30ED19826A47C8900CE5AB5 /* SearchResultsViewController.swift in Sources */,
				C30ED19626A47C4A00CE5AB5 /* SearchViewController.swift in Sources */,
				C30ED16726A4771000CE5AB5 /* HomeViewController.swift in Sources */,
				C30ED16326A4771000CE5AB5 /* AppDelegate.swift in Sources */,
				C30ED19C26A47D0200CE5AB5 /* PublishPostViewController.swift in Sources */,
				C30ED18E26A47BB600CE5AB5 /* PostViewController.swift in Sources */,
				C30ED18226A47A6000CE5AB5 /* ProfileViewController.swift in Sources */,
				C30ED18C26A47B7000CE5AB5 /* RegisterViewController.swift in Sources */,
				C30ED18A26A47B5000CE5AB5 /* LoginViewController.swift in Sources */,
				C30ED16526A4771000CE5AB5 /* SceneDelegate.swift in Sources */,
				C30ED19426A47C2700CE5AB5 /* ListViewController.swift in Sources */,
				C30ED19226A47BFF00CE5AB5 /* SettingsViewController.swift in Sources */,
			);
			runOnlyForDeploymentPostprocessing = 0;
		};
/* End PBXSourcesBuildPhase section */

/* Begin PBXVariantGroup section */
		C30ED16826A4771000CE5AB5 /* Main.storyboard */ = {
			isa = PBXVariantGroup;
			children = (
				C30ED16926A4771000CE5AB5 /* Base */,
			);
			name = Main.storyboard;
			sourceTree = "<group>";
		};
		C30ED16D26A4771200CE5AB5 /* LaunchScreen.storyboard */ = {
			isa = PBXVariantGroup;
			children = (
				C30ED16E26A4771200CE5AB5 /* Base */,
			);
			name = LaunchScreen.storyboard;
			sourceTree = "<group>";
		};
/* End PBXVariantGroup section */

/* Begin XCBuildConfiguration section */
		C30ED17126A4771200CE5AB5 /* Debug */ = {
			isa = XCBuildConfiguration;
			buildSettings = {
				ALWAYS_SEARCH_USER_PATHS = NO;
				CLANG_ANALYZER_NONNULL = YES;
				CLANG_ANALYZER_NUMBER_OBJECT_CONVERSION = YES_AGGRESSIVE;
				CLANG_CXX_LANGUAGE_STANDARD = "gnu++14";
				CLANG_CXX_LIBRARY = "libc++";
				CLANG_ENABLE_MODULES = YES;
				CLANG_ENABLE_OBJC_ARC = YES;
				CLANG_ENABLE_OBJC_WEAK = YES;
				CLANG_WARN_BLOCK_CAPTURE_AUTORELEASING = YES;
				CLANG_WARN_BOOL_CONVERSION = YES;
				CLANG_WARN_COMMA = YES;
				CLANG_WARN_CONSTANT_CONVERSION = YES;
				CLANG_WARN_DEPRECATED_OBJC_IMPLEMENTATIONS = YES;
				CLANG_WARN_DIRECT_OBJC_ISA_USAGE = YES_ERROR;
				CLANG_WARN_DOCUMENTATION_COMMENTS = YES;
				CLANG_WARN_EMPTY_BODY = YES;
				CLANG_WARN_ENUM_CONVERSION = YES;
				CLANG_WARN_INFINITE_RECURSION = YES;
				CLANG_WARN_INT_CONVERSION = YES;
				CLANG_WARN_NON_LITERAL_NULL_CONVERSION = YES;
				CLANG_WARN_OBJC_IMPLICIT_RETAIN_SELF = YES;
				CLANG_WARN_OBJC_LITERAL_CONVERSION = YES;
				CLANG_WARN_OBJC_ROOT_CLASS = YES_ERROR;
				CLANG_WARN_QUOTED_INCLUDE_IN_FRAMEWORK_HEADER = YES;
				CLANG_WARN_RANGE_LOOP_ANALYSIS = YES;
				CLANG_WARN_STRICT_PROTOTYPES = YES;
				CLANG_WARN_SUSPICIOUS_MOVE = YES;
				CLANG_WARN_UNGUARDED_AVAILABILITY = YES_AGGRESSIVE;
				CLANG_WARN_UNREACHABLE_CODE = YES;
				CLANG_WARN__DUPLICATE_METHOD_MATCH = YES;
				COPY_PHASE_STRIP = NO;
				DEBUG_INFORMATION_FORMAT = dwarf;
				ENABLE_STRICT_OBJC_MSGSEND = YES;
				ENABLE_TESTABILITY = YES;
				GCC_C_LANGUAGE_STANDARD = gnu11;
				GCC_DYNAMIC_NO_PIC = NO;
				GCC_NO_COMMON_BLOCKS = YES;
				GCC_OPTIMIZATION_LEVEL = 0;
				GCC_PREPROCESSOR_DEFINITIONS = (
					"DEBUG=1",
					"$(inherited)",
				);
				GCC_WARN_64_TO_32_BIT_CONVERSION = YES;
				GCC_WARN_ABOUT_RETURN_TYPE = YES_ERROR;
				GCC_WARN_UNDECLARED_SELECTOR = YES;
				GCC_WARN_UNINITIALIZED_AUTOS = YES_AGGRESSIVE;
				GCC_WARN_UNUSED_FUNCTION = YES;
				GCC_WARN_UNUSED_VARIABLE = YES;
				IPHONEOS_DEPLOYMENT_TARGET = 14.5;
				MTL_ENABLE_DEBUG_INFO = INCLUDE_SOURCE;
				MTL_FAST_MATH = YES;
				ONLY_ACTIVE_ARCH = YES;
				SDKROOT = iphoneos;
				SWIFT_ACTIVE_COMPILATION_CONDITIONS = DEBUG;
				SWIFT_OPTIMIZATION_LEVEL = "-Onone";
			};
			name = Debug;
		};
		C30ED17226A4771200CE5AB5 /* Release */ = {
			isa = XCBuildConfiguration;
			buildSettings = {
				ALWAYS_SEARCH_USER_PATHS = NO;
				CLANG_ANALYZER_NONNULL = YES;
				CLANG_ANALYZER_NUMBER_OBJECT_CONVERSION = YES_AGGRESSIVE;
				CLANG_CXX_LANGUAGE_STANDARD = "gnu++14";
				CLANG_CXX_LIBRARY = "libc++";
				CLANG_ENABLE_MODULES = YES;
				CLANG_ENABLE_OBJC_ARC = YES;
				CLANG_ENABLE_OBJC_WEAK = YES;
				CLANG_WARN_BLOCK_CAPTURE_AUTORELEASING = YES;
				CLANG_WARN_BOOL_CONVERSION = YES;
				CLANG_WARN_COMMA = YES;
				CLANG_WARN_CONSTANT_CONVERSION = YES;
				CLANG_WARN_DEPRECATED_OBJC_IMPLEMENTATIONS = YES;
				CLANG_WARN_DIRECT_OBJC_ISA_USAGE = YES_ERROR;
				CLANG_WARN_DOCUMENTATION_COMMENTS = YES;
				CLANG_WARN_EMPTY_BODY = YES;
				CLANG_WARN_ENUM_CONVERSION = YES;
				CLANG_WARN_INFINITE_RECURSION = YES;
				CLANG_WARN_INT_CONVERSION = YES;
				CLANG_WARN_NON_LITERAL_NULL_CONVERSION = YES;
				CLANG_WARN_OBJC_IMPLICIT_RETAIN_SELF = YES;
				CLANG_WARN_OBJC_LITERAL_CONVERSION = YES;
				CLANG_WARN_OBJC_ROOT_CLASS = YES_ERROR;
				CLANG_WARN_QUOTED_INCLUDE_IN_FRAMEWORK_HEADER = YES;
				CLANG_WARN_RANGE_LOOP_ANALYSIS = YES;
				CLANG_WARN_STRICT_PROTOTYPES = YES;
				CLANG_WARN_SUSPICIOUS_MOVE = YES;
				CLANG_WARN_UNGUARDED_AVAILABILITY = YES_AGGRESSIVE;
				CLANG_WARN_UNREACHABLE_CODE = YES;
				CLANG_WARN__DUPLICATE_METHOD_MATCH = YES;
				COPY_PHASE_STRIP = NO;
				DEBUG_INFORMATION_FORMAT = "dwarf-with-dsym";
				ENABLE_NS_ASSERTIONS = NO;
				ENABLE_STRICT_OBJC_MSGSEND = YES;
				GCC_C_LANGUAGE_STANDARD = gnu11;
				GCC_NO_COMMON_BLOCKS = YES;
				GCC_WARN_64_TO_32_BIT_CONVERSION = YES;
				GCC_WARN_ABOUT_RETURN_TYPE = YES_ERROR;
				GCC_WARN_UNDECLARED_SELECTOR = YES;
				GCC_WARN_UNINITIALIZED_AUTOS = YES_AGGRESSIVE;
				GCC_WARN_UNUSED_FUNCTION = YES;
				GCC_WARN_UNUSED_VARIABLE = YES;
				IPHONEOS_DEPLOYMENT_TARGET = 14.5;
				MTL_ENABLE_DEBUG_INFO = NO;
				MTL_FAST_MATH = YES;
				SDKROOT = iphoneos;
				SWIFT_COMPILATION_MODE = wholemodule;
				SWIFT_OPTIMIZATION_LEVEL = "-O";
				VALIDATE_PRODUCT = YES;
			};
			name = Release;
		};
		C30ED17426A4771200CE5AB5 /* Debug */ = {
			isa = XCBuildConfiguration;
			buildSettings = {
				ASSETCATALOG_COMPILER_APPICON_NAME = AppIcon;
				ASSETCATALOG_COMPILER_GLOBAL_ACCENT_COLOR_NAME = AccentColor;
				CODE_SIGN_STYLE = Automatic;
				DEVELOPMENT_TEAM = M4YHM2KMZC;
				INFOPLIST_FILE = CoffeeMug/Info.plist;
				LD_RUNPATH_SEARCH_PATHS = (
					"$(inherited)",
					"@executable_path/Frameworks",
				);
				PRODUCT_BUNDLE_IDENTIFIER = FBStudios.CoffeeMug;
				PRODUCT_NAME = "$(TARGET_NAME)";
				SWIFT_VERSION = 5.0;
				TARGETED_DEVICE_FAMILY = "1,2";
			};
			name = Debug;
		};
		C30ED17526A4771200CE5AB5 /* Release */ = {
			isa = XCBuildConfiguration;
			buildSettings = {
				ASSETCATALOG_COMPILER_APPICON_NAME = AppIcon;
				ASSETCATALOG_COMPILER_GLOBAL_ACCENT_COLOR_NAME = AccentColor;
				CODE_SIGN_STYLE = Automatic;
				DEVELOPMENT_TEAM = M4YHM2KMZC;
				INFOPLIST_FILE = CoffeeMug/Info.plist;
				LD_RUNPATH_SEARCH_PATHS = (
					"$(inherited)",
					"@executable_path/Frameworks",
				);
				PRODUCT_BUNDLE_IDENTIFIER = FBStudios.CoffeeMug;
				PRODUCT_NAME = "$(TARGET_NAME)";
				SWIFT_VERSION = 5.0;
				TARGETED_DEVICE_FAMILY = "1,2";
			};
			name = Release;
		};
/* End XCBuildConfiguration section */

/* Begin XCConfigurationList section */
		C30ED15A26A4771000CE5AB5 /* Build configuration list for PBXProject "CoffeeMug" */ = {
			isa = XCConfigurationList;
			buildConfigurations = (
				C30ED17126A4771200CE5AB5 /* Debug */,
				C30ED17226A4771200CE5AB5 /* Release */,
			);
			defaultConfigurationIsVisible = 0;
			defaultConfigurationName = Release;
		};
		C30ED17326A4771200CE5AB5 /* Build configuration list for PBXNativeTarget "CoffeeMug" */ = {
			isa = XCConfigurationList;
			buildConfigurations = (
				C30ED17426A4771200CE5AB5 /* Debug */,
				C30ED17526A4771200CE5AB5 /* Release */,
			);
			defaultConfigurationIsVisible = 0;
			defaultConfigurationName = Release;
		};
/* End XCConfigurationList section */
	};
	rootObject = C30ED15726A4771000CE5AB5 /* Project object */;
}
